
Microsoft Visual Studio Solution File, Format Version 12.00
# Visual Studio 15
Project("{FAE04EC0-301F-11D3-BF4B-00C04F79EFBC}") = "Assembly-CSharp", "Assembly-CSharp.csproj", "{EAF9BFCC-1C5A-ECB4-7E95-149511E3DD95}"
EndProject
Project("{FAE04EC0-301F-11D3-BF4B-00C04F79EFBC}") = "Assembly-CSharp-Editor", "Assembly-CSharp-Editor.csproj", "{C930CFAA-2648-DCCD-3C7F-A5A721811651}"
EndProject
Global
	GlobalSection(SolutionConfigurationPlatforms) = preSolution
		Debug|Any CPU = Debug|Any CPU
		Release|Any CPU = Release|Any CPU
	EndGlobalSection
	GlobalSection(ProjectConfigurationPlatforms) = postSolution
		{EAF9BFCC-1C5A-ECB4-7E95-149511E3DD95}.Debug|Any CPU.ActiveCfg = Debug|Any CPU
		{EAF9BFCC-1C5A-ECB4-7E95-149511E3DD95}.Debug|Any CPU.Build.0 = Debug|Any CPU
		{EAF9BFCC-1C5A-ECB4-7E95-149511E3DD95}.Release|Any CPU.ActiveCfg = Release|Any CPU
		{EAF9BFCC-1C5A-ECB4-7E95-149511E3DD95}.Release|Any CPU.Build.0 = Release|Any CPU
		{C930CFAA-2648-DCCD-3C7F-A5A721811651}.Debug|Any CPU.ActiveCfg = Debug|Any CPU
		{C930CFAA-2648-DCCD-3C7F-A5A721811651}.Debug|Any CPU.Build.0 = Debug|Any CPU
		{C930CFAA-2648-DCCD-3C7F-A5A721811651}.Release|Any CPU.ActiveCfg = Release|Any CPU
		{C930CFAA-2648-DCCD-3C7F-A5A721811651}.Release|Any CPU.Build.0 = Release|Any CPU
	EndGlobalSection
	GlobalSection(SolutionProperties) = preSolution
		HideSolutionNode = FALSE
	EndGlobalSection
EndGlobal
